
Microsoft Visual Studio Solution File, Format Version 12.00
# Visual Studio Version 17
VisualStudioVersion = 17.9.34607.119
MinimumVisualStudioVersion = 10.0.40219.1
Project("{9A19103F-16F7-4668-BE54-9A1E7A4F7556}") = "API", "API\API.csproj", "{C2D79D64-D9FC-4FA4-87D8-1D694FBE36BC}"
EndProject
Project("{9A19103F-16F7-4668-BE54-9A1E7A4F7556}") = "Core", "Core\Core.csproj", "{4AA3CB16-0FB3-4678-9419-176411117067}"
EndProject
Project("{9A19103F-16F7-4668-BE54-9A1E7A4F7556}") = "Infrastructure", "Infrastructure\Infrastructure.csproj", "{842466BC-2F85-44C3-B7DA-EF2EADDB60DB}"
EndProject
Project("{FAE04EC0-301F-11D3-BF4B-00C04F79EFBC}") = "MVC", "MVC\MVC.csproj", "{6BA15C96-4251-414B-B721-8521AA9D1FBA}"
EndProject
Global
	GlobalSection(SolutionConfigurationPlatforms) = preSolution
		Debug|Any CPU = Debug|Any CPU
		Release|Any CPU = Release|Any CPU
	EndGlobalSection
	GlobalSection(ProjectConfigurationPlatforms) = postSolution
		{C2D79D64-D9FC-4FA4-87D8-1D694FBE36BC}.Debug|Any CPU.ActiveCfg = Debug|Any CPU
		{C2D79D64-D9FC-4FA4-87D8-1D694FBE36BC}.Debug|Any CPU.Build.0 = Debug|Any CPU
		{C2D79D64-D9FC-4FA4-87D8-1D694FBE36BC}.Release|Any CPU.ActiveCfg = Release|Any CPU
		{C2D79D64-D9FC-4FA4-87D8-1D694FBE36BC}.Release|Any CPU.Build.0 = Release|Any CPU
		{4AA3CB16-0FB3-4678-9419-176411117067}.Debug|Any CPU.ActiveCfg = Debug|Any CPU
		{4AA3CB16-0FB3-4678-9419-176411117067}.Debug|Any CPU.Build.0 = Debug|Any CPU
		{4AA3CB16-0FB3-4678-9419-176411117067}.Release|Any CPU.ActiveCfg = Release|Any CPU
		{4AA3CB16-0FB3-4678-9419-176411117067}.Release|Any CPU.Build.0 = Release|Any CPU
		{842466BC-2F85-44C3-B7DA-EF2EADDB60DB}.Debug|Any CPU.ActiveCfg = Debug|Any CPU
		{842466BC-2F85-44C3-B7DA-EF2EADDB60DB}.Debug|Any CPU.Build.0 = Debug|Any CPU
		{842466BC-2F85-44C3-B7DA-EF2EADDB60DB}.Release|Any CPU.ActiveCfg = Release|Any CPU
		{842466BC-2F85-44C3-B7DA-EF2EADDB60DB}.Release|Any CPU.Build.0 = Release|Any CPU
		{6BA15C96-4251-414B-B721-8521AA9D1FBA}.Debug|Any CPU.ActiveCfg = Debug|Any CPU
		{6BA15C96-4251-414B-B721-8521AA9D1FBA}.Debug|Any CPU.Build.0 = Debug|Any CPU
		{6BA15C96-4251-414B-B721-8521AA9D1FBA}.Release|Any CPU.ActiveCfg = Release|Any CPU
		{6BA15C96-4251-414B-B721-8521AA9D1FBA}.Release|Any CPU.Build.0 = Release|Any CPU
	EndGlobalSection
	GlobalSection(SolutionProperties) = preSolution
		HideSolutionNode = FALSE
	EndGlobalSection
	GlobalSection(ExtensibilityGlobals) = postSolution
		SolutionGuid = {5E79B72A-6A65-4FB3-9E26-780FC483C8A8}
	EndGlobalSection
EndGlobal
